
Microsoft Visual Studio Solution File, Format Version 12.00
# Visual Studio Version 16
VisualStudioVersion = 16.0.31313.79
MinimumVisualStudioVersion = 10.0.40219.1
Project("{FAE04EC0-301F-11D3-BF4B-00C04F79EFBC}") = "quiz-backend", "quiz-backend.csproj", "{8CA6A0FD-E579-415B-90A6-D779779BCDC8}"
EndProject
Global
	GlobalSection(SolutionConfigurationPlatforms) = preSolution
		Debug|Any CPU = Debug|Any CPU
		Release|Any CPU = Release|Any CPU
	EndGlobalSection
	GlobalSection(ProjectConfigurationPlatforms) = postSolution
		{8CA6A0FD-E579-415B-90A6-D779779BCDC8}.Debug|Any CPU.ActiveCfg = Debug|Any CPU
		{8CA6A0FD-E579-415B-90A6-D779779BCDC8}.Debug|Any CPU.Build.0 = Debug|Any CPU
		{8CA6A0FD-E579-415B-90A6-D779779BCDC8}.Release|Any CPU.ActiveCfg = Release|Any CPU
		{8CA6A0FD-E579-415B-90A6-D779779BCDC8}.Release|Any CPU.Build.0 = Release|Any CPU
	EndGlobalSection
	GlobalSection(SolutionProperties) = preSolution
		HideSolutionNode = FALSE
	EndGlobalSection
	GlobalSection(ExtensibilityGlobals) = postSolution
		SolutionGuid = {F55C6481-F716-43F5-A3F6-695ACE0BE493}
	EndGlobalSection
EndGlobal
